
Microsoft Visual Studio Solution File, Format Version 12.00
# Visual Studio Version 16
VisualStudioVersion = 16.0.30717.126
MinimumVisualStudioVersion = 10.0.40219.1
Project("{FAE04EC0-301F-11D3-BF4B-00C04F79EFBC}") = "Script", "Script\Script.csproj", "{77AB94ED-E61F-4C9D-AB58-B53820F0AD4E}"
EndProject
Project("{FAE04EC0-301F-11D3-BF4B-00C04F79EFBC}") = "Compilation", "Compilation\Compilation.csproj", "{F776FF6B-393B-4CCA-8A4C-FC004DD8C714}"
EndProject
Global
	GlobalSection(SolutionConfigurationPlatforms) = preSolution
		Debug|Any CPU = Debug|Any CPU
		Release|Any CPU = Release|Any CPU
	EndGlobalSection
	GlobalSection(ProjectConfigurationPlatforms) = postSolution
		{77AB94ED-E61F-4C9D-AB58-B53820F0AD4E}.Debug|Any CPU.ActiveCfg = Debug|Any CPU
		{77AB94ED-E61F-4C9D-AB58-B53820F0AD4E}.Debug|Any CPU.Build.0 = Debug|Any CPU
		{77AB94ED-E61F-4C9D-AB58-B53820F0AD4E}.Release|Any CPU.ActiveCfg = Release|Any CPU
		{77AB94ED-E61F-4C9D-AB58-B53820F0AD4E}.Release|Any CPU.Build.0 = Release|Any CPU
		{F776FF6B-393B-4CCA-8A4C-FC004DD8C714}.Debug|Any CPU.ActiveCfg = Debug|Any CPU
		{F776FF6B-393B-4CCA-8A4C-FC004DD8C714}.Debug|Any CPU.Build.0 = Debug|Any CPU
		{F776FF6B-393B-4CCA-8A4C-FC004DD8C714}.Release|Any CPU.ActiveCfg = Release|Any CPU
		{F776FF6B-393B-4CCA-8A4C-FC004DD8C714}.Release|Any CPU.Build.0 = Release|Any CPU
	EndGlobalSection
	GlobalSection(SolutionProperties) = preSolution
		HideSolutionNode = FALSE
	EndGlobalSection
	GlobalSection(ExtensibilityGlobals) = postSolution
		SolutionGuid = {086567DB-5C1E-43BD-BE4C-14ABA35F284D}
	EndGlobalSection
EndGlobal
